
Microsoft Visual Studio Solution File, Format Version 12.00
# Visual Studio Version 17
VisualStudioVersion = 17.3.32929.385
MinimumVisualStudioVersion = 10.0.40219.1
Project("{FAE04EC0-301F-11D3-BF4B-00C04F79EFBC}") = "Väderkollen", "Väderkollen\Väderkollen.csproj", "{2040AB08-B7C8-4F1D-900D-248DE7A8BC6E}"
EndProject
Global
	GlobalSection(SolutionConfigurationPlatforms) = preSolution
		Debug|Any CPU = Debug|Any CPU
		Release|Any CPU = Release|Any CPU
	EndGlobalSection
	GlobalSection(ProjectConfigurationPlatforms) = postSolution
		{2040AB08-B7C8-4F1D-900D-248DE7A8BC6E}.Debug|Any CPU.ActiveCfg = Debug|Any CPU
		{2040AB08-B7C8-4F1D-900D-248DE7A8BC6E}.Debug|Any CPU.Build.0 = Debug|Any CPU
		{2040AB08-B7C8-4F1D-900D-248DE7A8BC6E}.Release|Any CPU.ActiveCfg = Release|Any CPU
		{2040AB08-B7C8-4F1D-900D-248DE7A8BC6E}.Release|Any CPU.Build.0 = Release|Any CPU
	EndGlobalSection
	GlobalSection(SolutionProperties) = preSolution
		HideSolutionNode = FALSE
	EndGlobalSection
	GlobalSection(ExtensibilityGlobals) = postSolution
		SolutionGuid = {41092E40-666E-4083-93DB-891056BAAA23}
	EndGlobalSection
EndGlobal
